
Microsoft Visual Studio Solution File, Format Version 12.00
# Visual Studio Version 17
VisualStudioVersion = 17.7.34024.191
MinimumVisualStudioVersion = 10.0.40219.1
Project("{FAE04EC0-301F-11D3-BF4B-00C04F79EFBC}") = "QLSV", "QLSV\QLSV.csproj", "{047F0B1C-4883-44AB-8D10-072FB0013561}"
EndProject
Global
	GlobalSection(SolutionConfigurationPlatforms) = preSolution
		Debug|Any CPU = Debug|Any CPU
		Release|Any CPU = Release|Any CPU
	EndGlobalSection
	GlobalSection(ProjectConfigurationPlatforms) = postSolution
		{047F0B1C-4883-44AB-8D10-072FB0013561}.Debug|Any CPU.ActiveCfg = Debug|Any CPU
		{047F0B1C-4883-44AB-8D10-072FB0013561}.Debug|Any CPU.Build.0 = Debug|Any CPU
		{047F0B1C-4883-44AB-8D10-072FB0013561}.Release|Any CPU.ActiveCfg = Release|Any CPU
		{047F0B1C-4883-44AB-8D10-072FB0013561}.Release|Any CPU.Build.0 = Release|Any CPU
	EndGlobalSection
	GlobalSection(SolutionProperties) = preSolution
		HideSolutionNode = FALSE
	EndGlobalSection
	GlobalSection(ExtensibilityGlobals) = postSolution
		SolutionGuid = {9D58CFB6-9013-4E6F-BB05-D87B307965EB}
	EndGlobalSection
EndGlobal
