
Microsoft Visual Studio Solution File, Format Version 12.00
# Visual Studio Version 17
VisualStudioVersion = 17.7.34024.191
MinimumVisualStudioVersion = 10.0.40219.1
Project("{9A19103F-16F7-4668-BE54-9A1E7A4F7556}") = "bai5_6", "bai5_6\bai5_6.csproj", "{6220BED2-9E24-42E6-BFF4-9802E5DADB4C}"
EndProject
Project("{9A19103F-16F7-4668-BE54-9A1E7A4F7556}") = "bai5.2_6", "bai5.2_6\bai5.2_6.csproj", "{9F4A9F5E-0D3E-421D-95A9-C3955504B3D4}"
EndProject
Project("{FAE04EC0-301F-11D3-BF4B-00C04F79EFBC}") = "bai5.3_6", "bai5.3_6\bai5.3_6.csproj", "{A461CD23-7DD4-45A0-A874-ED1721EE8A00}"
EndProject
Global
	GlobalSection(SolutionConfigurationPlatforms) = preSolution
		Debug|Any CPU = Debug|Any CPU
		Release|Any CPU = Release|Any CPU
	EndGlobalSection
	GlobalSection(ProjectConfigurationPlatforms) = postSolution
		{6220BED2-9E24-42E6-BFF4-9802E5DADB4C}.Debug|Any CPU.ActiveCfg = Debug|Any CPU
		{6220BED2-9E24-42E6-BFF4-9802E5DADB4C}.Debug|Any CPU.Build.0 = Debug|Any CPU
		{6220BED2-9E24-42E6-BFF4-9802E5DADB4C}.Release|Any CPU.ActiveCfg = Release|Any CPU
		{6220BED2-9E24-42E6-BFF4-9802E5DADB4C}.Release|Any CPU.Build.0 = Release|Any CPU
		{9F4A9F5E-0D3E-421D-95A9-C3955504B3D4}.Debug|Any CPU.ActiveCfg = Debug|Any CPU
		{9F4A9F5E-0D3E-421D-95A9-C3955504B3D4}.Debug|Any CPU.Build.0 = Debug|Any CPU
		{9F4A9F5E-0D3E-421D-95A9-C3955504B3D4}.Release|Any CPU.ActiveCfg = Release|Any CPU
		{9F4A9F5E-0D3E-421D-95A9-C3955504B3D4}.Release|Any CPU.Build.0 = Release|Any CPU
		{A461CD23-7DD4-45A0-A874-ED1721EE8A00}.Debug|Any CPU.ActiveCfg = Debug|Any CPU
		{A461CD23-7DD4-45A0-A874-ED1721EE8A00}.Debug|Any CPU.Build.0 = Debug|Any CPU
		{A461CD23-7DD4-45A0-A874-ED1721EE8A00}.Release|Any CPU.ActiveCfg = Release|Any CPU
		{A461CD23-7DD4-45A0-A874-ED1721EE8A00}.Release|Any CPU.Build.0 = Release|Any CPU
	EndGlobalSection
	GlobalSection(SolutionProperties) = preSolution
		HideSolutionNode = FALSE
	EndGlobalSection
	GlobalSection(ExtensibilityGlobals) = postSolution
		SolutionGuid = {503B936B-D9F9-465C-ACBD-E3F0F1639555}
	EndGlobalSection
EndGlobal
